
Microsoft Visual Studio Solution File, Format Version 12.00
# Visual Studio Version 17
VisualStudioVersion = 17.5.33424.131
MinimumVisualStudioVersion = 10.0.40219.1
Project("{FAE04EC0-301F-11D3-BF4B-00C04F79EFBC}") = "Rabbit.Publisher.Api", "Rabbit.Publisher.Api\Rabbit.Publisher.Api.csproj", "{54240A48-215B-4383-B055-48E48DEEB067}"
EndProject
Project("{FAE04EC0-301F-11D3-BF4B-00C04F79EFBC}") = "Rabbit.Consumer", "Rabbit.Consumer\Rabbit.Consumer.csproj", "{53F5D635-259B-4527-97C6-765CA3178197}"
EndProject
Project("{FAE04EC0-301F-11D3-BF4B-00C04F79EFBC}") = "Rabbit.Models", "Rabbit.Models\Rabbit.Models.csproj", "{0DD07279-818C-4FC4-9E4C-9C14809A6472}"
EndProject
Project("{FAE04EC0-301F-11D3-BF4B-00C04F79EFBC}") = "Rabbit.Services", "Rabbit.Services\Rabbit.Services.csproj", "{07ECE42E-ED1E-40C6-91A9-44B56A155E6C}"
EndProject
Project("{FAE04EC0-301F-11D3-BF4B-00C04F79EFBC}") = "Rabbit.Repositories", "Rabbit.Repositories\Rabbit.Repositories.csproj", "{D71439F6-0C17-410F-8248-6F547852F108}"
EndProject
Global
	GlobalSection(SolutionConfigurationPlatforms) = preSolution
		Debug|Any CPU = Debug|Any CPU
		Release|Any CPU = Release|Any CPU
	EndGlobalSection
	GlobalSection(ProjectConfigurationPlatforms) = postSolution
		{54240A48-215B-4383-B055-48E48DEEB067}.Debug|Any CPU.ActiveCfg = Debug|Any CPU
		{54240A48-215B-4383-B055-48E48DEEB067}.Debug|Any CPU.Build.0 = Debug|Any CPU
		{54240A48-215B-4383-B055-48E48DEEB067}.Release|Any CPU.ActiveCfg = Release|Any CPU
		{54240A48-215B-4383-B055-48E48DEEB067}.Release|Any CPU.Build.0 = Release|Any CPU
		{53F5D635-259B-4527-97C6-765CA3178197}.Debug|Any CPU.ActiveCfg = Debug|Any CPU
		{53F5D635-259B-4527-97C6-765CA3178197}.Debug|Any CPU.Build.0 = Debug|Any CPU
		{53F5D635-259B-4527-97C6-765CA3178197}.Release|Any CPU.ActiveCfg = Release|Any CPU
		{53F5D635-259B-4527-97C6-765CA3178197}.Release|Any CPU.Build.0 = Release|Any CPU
		{0DD07279-818C-4FC4-9E4C-9C14809A6472}.Debug|Any CPU.ActiveCfg = Debug|Any CPU
		{0DD07279-818C-4FC4-9E4C-9C14809A6472}.Debug|Any CPU.Build.0 = Debug|Any CPU
		{0DD07279-818C-4FC4-9E4C-9C14809A6472}.Release|Any CPU.ActiveCfg = Release|Any CPU
		{0DD07279-818C-4FC4-9E4C-9C14809A6472}.Release|Any CPU.Build.0 = Release|Any CPU
		{07ECE42E-ED1E-40C6-91A9-44B56A155E6C}.Debug|Any CPU.ActiveCfg = Debug|Any CPU
		{07ECE42E-ED1E-40C6-91A9-44B56A155E6C}.Debug|Any CPU.Build.0 = Debug|Any CPU
		{07ECE42E-ED1E-40C6-91A9-44B56A155E6C}.Release|Any CPU.ActiveCfg = Release|Any CPU
		{07ECE42E-ED1E-40C6-91A9-44B56A155E6C}.Release|Any CPU.Build.0 = Release|Any CPU
		{D71439F6-0C17-410F-8248-6F547852F108}.Debug|Any CPU.ActiveCfg = Debug|Any CPU
		{D71439F6-0C17-410F-8248-6F547852F108}.Debug|Any CPU.Build.0 = Debug|Any CPU
		{D71439F6-0C17-410F-8248-6F547852F108}.Release|Any CPU.ActiveCfg = Release|Any CPU
		{D71439F6-0C17-410F-8248-6F547852F108}.Release|Any CPU.Build.0 = Release|Any CPU
	EndGlobalSection
	GlobalSection(SolutionProperties) = preSolution
		HideSolutionNode = FALSE
	EndGlobalSection
	GlobalSection(ExtensibilityGlobals) = postSolution
		SolutionGuid = {0845A32C-CFF4-420A-B434-D5A441CEF307}
	EndGlobalSection
EndGlobal
